{
    "_readme": [
        "This file locks the dependencies of your project to a known state",
        "Read more about it at https://getcomposer.org/doc/01-basic-usage.md#installing-dependencies",
        "This file is @generated automatically"
    ],
    "content-hash": "ac961ded9fef0d0dc061dafe7fef5e49",
    "packages": [
        {
            "name": "pst/debugging",
            "version": "dev-main",
            "dist": {
                "type": "path",
                "url": "../debugging",
                "reference": "90cecf8fd4e946cca141b019733cd6c4e25e85e7"
            },
            "require": {
                "php": ">=7.4",
                "pst/testing": "dev-main"
            },
            "type": "library",
            "autoload": {
                "psr-4": {
                    "PST\\Debugging\\": "src/"
                },
                "files": [
                    "src/functions.php"
                ]
            },
            "license": [
                "MIT"
            ],
            "authors": [
                {
                    "name": "Jason Thompson"
                }
            ],
            "description": "PST (Peyton, Stacy, Timber) Debugging Module",
            "transport-options": {
                "relative": true
            }
        },
        {
            "name": "pst/testing",
            "version": "dev-main",
            "dist": {
                "type": "path",
                "url": "../testing",
                "reference": "e183ae0a4916ff3863322ebd502f16db4a5b49c1"
            },
            "require": {
                "php": ">=7.4"
            },
            "type": "library",
            "autoload": {
                "psr-4": {
                    "PST\\Testing\\": "src/"
                },
                "files": []
            },
            "license": [
                "MIT"
            ],
            "authors": [
                {
                    "name": "Jason Thompson"
                }
            ],
            "description": "PST (Peyton, Stacy, Timber) Testing Module",
            "transport-options": {
                "relative": true
            }
        }
    ],
    "packages-dev": [],
    "aliases": [],
    "minimum-stability": "dev",
    "stability-flags": {
        "pst/testing": 20,
        "pst/debugging": 20
    },
    "prefer-stable": false,
    "prefer-lowest": false,
    "platform": {
        "php": ">=7.4"
    },
    "platform-dev": [],
    "plugin-api-version": "2.6.0"
}
